
Microsoft Visual Studio Solution File, Format Version 12.00
# Visual Studio Version 16
VisualStudioVersion = 16.0.30011.22
MinimumVisualStudioVersion = 10.0.40219.1
Project("{9A19103F-16F7-4668-BE54-9A1E7A4F7556}") = "DataLayer", "..\DataLayer\DataLayer.csproj", "{D70C5193-2D7B-4740-B54D-308901F6523D}"
EndProject
Project("{9A19103F-16F7-4668-BE54-9A1E7A4F7556}") = "LogicLayer", "LogicLayer\LogicLayer.csproj", "{88BCF485-EC3F-4D1D-B918-97E9694DB941}"
EndProject
Project("{9A19103F-16F7-4668-BE54-9A1E7A4F7556}") = "PresentationLayer", "PresentationLayer\PresentationLayer.csproj", "{D342618E-7543-41CF-A50D-E8A5ED1D858A}"
EndProject
Project("{9A19103F-16F7-4668-BE54-9A1E7A4F7556}") = "WebsocketServer", "WebsocketServer\WebsocketServer.csproj", "{BA93E609-512B-4FE7-9B8D-9414CD503643}"
EndProject
Global
	GlobalSection(SolutionConfigurationPlatforms) = preSolution
		Debug|Any CPU = Debug|Any CPU
		Release|Any CPU = Release|Any CPU
	EndGlobalSection
	GlobalSection(ProjectConfigurationPlatforms) = postSolution
		{D70C5193-2D7B-4740-B54D-308901F6523D}.Debug|Any CPU.ActiveCfg = Debug|Any CPU
		{D70C5193-2D7B-4740-B54D-308901F6523D}.Debug|Any CPU.Build.0 = Debug|Any CPU
		{D70C5193-2D7B-4740-B54D-308901F6523D}.Release|Any CPU.ActiveCfg = Release|Any CPU
		{D70C5193-2D7B-4740-B54D-308901F6523D}.Release|Any CPU.Build.0 = Release|Any CPU
		{88BCF485-EC3F-4D1D-B918-97E9694DB941}.Debug|Any CPU.ActiveCfg = Debug|Any CPU
		{88BCF485-EC3F-4D1D-B918-97E9694DB941}.Debug|Any CPU.Build.0 = Debug|Any CPU
		{88BCF485-EC3F-4D1D-B918-97E9694DB941}.Release|Any CPU.ActiveCfg = Release|Any CPU
		{88BCF485-EC3F-4D1D-B918-97E9694DB941}.Release|Any CPU.Build.0 = Release|Any CPU
		{D342618E-7543-41CF-A50D-E8A5ED1D858A}.Debug|Any CPU.ActiveCfg = Debug|Any CPU
		{D342618E-7543-41CF-A50D-E8A5ED1D858A}.Debug|Any CPU.Build.0 = Debug|Any CPU
		{D342618E-7543-41CF-A50D-E8A5ED1D858A}.Release|Any CPU.ActiveCfg = Release|Any CPU
		{D342618E-7543-41CF-A50D-E8A5ED1D858A}.Release|Any CPU.Build.0 = Release|Any CPU
		{BA93E609-512B-4FE7-9B8D-9414CD503643}.Debug|Any CPU.ActiveCfg = Debug|Any CPU
		{BA93E609-512B-4FE7-9B8D-9414CD503643}.Debug|Any CPU.Build.0 = Debug|Any CPU
		{BA93E609-512B-4FE7-9B8D-9414CD503643}.Release|Any CPU.ActiveCfg = Release|Any CPU
		{BA93E609-512B-4FE7-9B8D-9414CD503643}.Release|Any CPU.Build.0 = Release|Any CPU
	EndGlobalSection
	GlobalSection(SolutionProperties) = preSolution
		HideSolutionNode = FALSE
	EndGlobalSection
	GlobalSection(ExtensibilityGlobals) = postSolution
		SolutionGuid = {A5198BE0-A190-4186-965B-180F4C463B23}
	EndGlobalSection
EndGlobal
